// !$*UTF8*$!
{
	archiveVersion = 1;
	classes = {
	};
	objectVersion = 46;
	objects = {

/* Begin PBXBuildFile section */
		96420E061E4C801400901C50 /* AnimationHandlerTests.swift in Sources */ = {isa = PBXBuildFile; fileRef = 96420E051E4C801400901C50 /* AnimationHandlerTests.swift */; };
		96AB73F51E44C83300FA811A /* AnimationHandler.swift in Sources */ = {isa = PBXBuildFile; fileRef = 96AB73F41E44C83300FA811A /* AnimationHandler.swift */; };
		96AB73F71E44CDD800FA811A /* String.swift in Sources */ = {isa = PBXBuildFile; fileRef = 96AB73F61E44CDD800FA811A /* String.swift */; };
		E43192261E2E102900B019C1 /* Dictionary+SafeAccess.swift in Sources */ = {isa = PBXBuildFile; fileRef = E43192251E2E102900B019C1 /* Dictionary+SafeAccess.swift */; };
		E43192281E2E108E00B019C1 /* Parser.swift in Sources */ = {isa = PBXBuildFile; fileRef = E43192271E2E108E00B019C1 /* Parser.swift */; };
		E431922A1E2E113B00B019C1 /* EventKitParser.swift in Sources */ = {isa = PBXBuildFile; fileRef = E43192291E2E113B00B019C1 /* EventKitParser.swift */; };
		E442564B1E3B7B7200B2D83B /* Bundle.swift in Sources */ = {isa = PBXBuildFile; fileRef = E442564A1E3B7B7200B2D83B /* Bundle.swift */; };
		E46B79A11E28ECEF00BC36B4 /* AutoMate - App Companion.h in Headers */ = {isa = PBXBuildFile; fileRef = E46B79931E28ECEF00BC36B4 /* AutoMate - App Companion.h */; settings = {ATTRIBUTES = (Public, ); }; };
		E46B79AB1E28F3D800BC36B4 /* EventKitHandler.swift in Sources */ = {isa = PBXBuildFile; fileRef = E46B79AA1E28F3D800BC36B4 /* EventKitHandler.swift */; };
		E4932BB11E2E40A000FB8244 /* LaunchEnviromentManager.swift in Sources */ = {isa = PBXBuildFile; fileRef = E4932BB01E2E40A000FB8244 /* LaunchEnviromentManager.swift */; };
		E4932BB31E2E467D00FB8244 /* LaunchOptionsKeys.swift in Sources */ = {isa = PBXBuildFile; fileRef = E4932BB21E2E467D00FB8244 /* LaunchOptionsKeys.swift */; };
		E49E845B1E434389008A13AE /* AutoMateAppCompanion.framework in Frameworks */ = {isa = PBXBuildFile; fileRef = E46B79901E28ECEF00BC36B4 /* AutoMateAppCompanion.framework */; };
		E49E84731E487D5A008A13AE /* Date.swift in Sources */ = {isa = PBXBuildFile; fileRef = E49E84721E487D5A008A13AE /* Date.swift */; };
		E49E848D1E4B43DF008A13AE /* EKEvents.swift in Sources */ = {isa = PBXBuildFile; fileRef = E49E84841E4B43DF008A13AE /* EKEvents.swift */; };
		E49E848E1E4B43DF008A13AE /* Handlers.swift in Sources */ = {isa = PBXBuildFile; fileRef = E49E84851E4B43DF008A13AE /* Handlers.swift */; };
		E49E84901E4B43DF008A13AE /* EventKitParserTests.swift in Sources */ = {isa = PBXBuildFile; fileRef = E49E84881E4B43DF008A13AE /* EventKitParserTests.swift */; };
		E49E84911E4B43DF008A13AE /* LaunchEnviromentResourceTests.swift in Sources */ = {isa = PBXBuildFile; fileRef = E49E84891E4B43DF008A13AE /* LaunchEnviromentResourceTests.swift */; };
		E49E84921E4B43DF008A13AE /* LaunchEnvironmentManagerTests.swift in Sources */ = {isa = PBXBuildFile; fileRef = E49E848A1E4B43DF008A13AE /* LaunchEnvironmentManagerTests.swift */; };
		E49E84931E4B43DF008A13AE /* test_events.json in Resources */ = {isa = PBXBuildFile; fileRef = E49E848C1E4B43DF008A13AE /* test_events.json */; };
/* End PBXBuildFile section */

/* Begin PBXContainerItemProxy section */
		E49E845C1E434389008A13AE /* PBXContainerItemProxy */ = {
			isa = PBXContainerItemProxy;
			containerPortal = E46B79871E28ECEF00BC36B4 /* Project object */;
			proxyType = 1;
			remoteGlobalIDString = E46B798F1E28ECEF00BC36B4;
			remoteInfo = "AutoMate App Companion";
		};
/* End PBXContainerItemProxy section */

/* Begin PBXFileReference section */
		96420E051E4C801400901C50 /* AnimationHandlerTests.swift */ = {isa = PBXFileReference; fileEncoding = 4; lastKnownFileType = sourcecode.swift; path = AnimationHandlerTests.swift; sourceTree = "<group>"; };
		96AB73F41E44C83300FA811A /* AnimationHandler.swift */ = {isa = PBXFileReference; fileEncoding = 4; lastKnownFileType = sourcecode.swift; path = AnimationHandler.swift; sourceTree = "<group>"; };
		96AB73F61E44CDD800FA811A /* String.swift */ = {isa = PBXFileReference; fileEncoding = 4; lastKnownFileType = sourcecode.swift; path = String.swift; sourceTree = "<group>"; };
		E43192251E2E102900B019C1 /* Dictionary+SafeAccess.swift */ = {isa = PBXFileReference; fileEncoding = 4; lastKnownFileType = sourcecode.swift; path = "Dictionary+SafeAccess.swift"; sourceTree = "<group>"; };
		E43192271E2E108E00B019C1 /* Parser.swift */ = {isa = PBXFileReference; fileEncoding = 4; lastKnownFileType = sourcecode.swift; path = Parser.swift; sourceTree = "<group>"; };
		E43192291E2E113B00B019C1 /* EventKitParser.swift */ = {isa = PBXFileReference; fileEncoding = 4; lastKnownFileType = sourcecode.swift; path = EventKitParser.swift; sourceTree = "<group>"; };
		E442564A1E3B7B7200B2D83B /* Bundle.swift */ = {isa = PBXFileReference; fileEncoding = 4; lastKnownFileType = sourcecode.swift; path = Bundle.swift; sourceTree = "<group>"; };
		E46B79901E28ECEF00BC36B4 /* AutoMateAppCompanion.framework */ = {isa = PBXFileReference; explicitFileType = wrapper.framework; includeInIndex = 0; path = AutoMateAppCompanion.framework; sourceTree = BUILT_PRODUCTS_DIR; };
		E46B79931E28ECEF00BC36B4 /* AutoMate - App Companion.h */ = {isa = PBXFileReference; lastKnownFileType = sourcecode.c.h; path = "AutoMate - App Companion.h"; sourceTree = "<group>"; };
		E46B79941E28ECEF00BC36B4 /* Info.plist */ = {isa = PBXFileReference; lastKnownFileType = text.plist.xml; path = Info.plist; sourceTree = "<group>"; };
		E46B79AA1E28F3D800BC36B4 /* EventKitHandler.swift */ = {isa = PBXFileReference; fileEncoding = 4; lastKnownFileType = sourcecode.swift; path = EventKitHandler.swift; sourceTree = "<group>"; };
		E4932BB01E2E40A000FB8244 /* LaunchEnviromentManager.swift */ = {isa = PBXFileReference; fileEncoding = 4; lastKnownFileType = sourcecode.swift; path = LaunchEnviromentManager.swift; sourceTree = "<group>"; };
		E4932BB21E2E467D00FB8244 /* LaunchOptionsKeys.swift */ = {isa = PBXFileReference; fileEncoding = 4; lastKnownFileType = sourcecode.swift; path = LaunchOptionsKeys.swift; sourceTree = "<group>"; };
		E49E84561E434389008A13AE /* AutoMateAppCompanionTests.xctest */ = {isa = PBXFileReference; explicitFileType = wrapper.cfbundle; includeInIndex = 0; path = AutoMateAppCompanionTests.xctest; sourceTree = BUILT_PRODUCTS_DIR; };
		E49E84721E487D5A008A13AE /* Date.swift */ = {isa = PBXFileReference; fileEncoding = 4; lastKnownFileType = sourcecode.swift; name = Date.swift; path = "Foundation Extensions/Date.swift"; sourceTree = "<group>"; };
		E49E84841E4B43DF008A13AE /* EKEvents.swift */ = {isa = PBXFileReference; fileEncoding = 4; lastKnownFileType = sourcecode.swift; path = EKEvents.swift; sourceTree = "<group>"; };
		E49E84851E4B43DF008A13AE /* Handlers.swift */ = {isa = PBXFileReference; fileEncoding = 4; lastKnownFileType = sourcecode.swift; path = Handlers.swift; sourceTree = "<group>"; };
		E49E84861E4B43DF008A13AE /* Info.plist */ = {isa = PBXFileReference; fileEncoding = 4; lastKnownFileType = text.plist.xml; path = Info.plist; sourceTree = "<group>"; };
		E49E84881E4B43DF008A13AE /* EventKitParserTests.swift */ = {isa = PBXFileReference; fileEncoding = 4; lastKnownFileType = sourcecode.swift; path = EventKitParserTests.swift; sourceTree = "<group>"; };
		E49E84891E4B43DF008A13AE /* LaunchEnviromentResourceTests.swift */ = {isa = PBXFileReference; fileEncoding = 4; lastKnownFileType = sourcecode.swift; path = LaunchEnviromentResourceTests.swift; sourceTree = "<group>"; };
		E49E848A1E4B43DF008A13AE /* LaunchEnvironmentManagerTests.swift */ = {isa = PBXFileReference; fileEncoding = 4; lastKnownFileType = sourcecode.swift; path = LaunchEnvironmentManagerTests.swift; sourceTree = "<group>"; };
		E49E848C1E4B43DF008A13AE /* test_events.json */ = {isa = PBXFileReference; fileEncoding = 4; lastKnownFileType = text.json; path = test_events.json; sourceTree = "<group>"; };
/* End PBXFileReference section */

/* Begin PBXFrameworksBuildPhase section */
		E46B798C1E28ECEF00BC36B4 /* Frameworks */ = {
			isa = PBXFrameworksBuildPhase;
			buildActionMask = 2147483647;
			files = (
			);
			runOnlyForDeploymentPostprocessing = 0;
		};
		E49E84531E434389008A13AE /* Frameworks */ = {
			isa = PBXFrameworksBuildPhase;
			buildActionMask = 2147483647;
			files = (
				E49E845B1E434389008A13AE /* AutoMateAppCompanion.framework in Frameworks */,
			);
			runOnlyForDeploymentPostprocessing = 0;
		};
/* End PBXFrameworksBuildPhase section */

/* Begin PBXGroup section */
		E43192241E2E0DAE00B019C1 /* Parsers */ = {
			isa = PBXGroup;
			children = (
				E43192291E2E113B00B019C1 /* EventKitParser.swift */,
				E43192271E2E108E00B019C1 /* Parser.swift */,
			);
			name = Parsers;
			sourceTree = "<group>";
		};
		E431922B1E2E17A600B019C1 /* Managers */ = {
			isa = PBXGroup;
			children = (
				96AB73F41E44C83300FA811A /* AnimationHandler.swift */,
				E46B79AA1E28F3D800BC36B4 /* EventKitHandler.swift */,
				E4932BB01E2E40A000FB8244 /* LaunchEnviromentManager.swift */,
			);
			name = Managers;
			sourceTree = "<group>";
		};
		E44256491E3B7B4F00B2D83B /* Foundation Extensions */ = {
			isa = PBXGroup;
			children = (
				E43192251E2E102900B019C1 /* Dictionary+SafeAccess.swift */,
				E442564A1E3B7B7200B2D83B /* Bundle.swift */,
				E49E84721E487D5A008A13AE /* Date.swift */,
				96AB73F61E44CDD800FA811A /* String.swift */,
			);
			name = "Foundation Extensions";
			sourceTree = "<group>";
		};
		E46B79861E28ECEF00BC36B4 = {
			isa = PBXGroup;
			children = (
				E46B79921E28ECEF00BC36B4 /* AutoMate - App Companion */,
				E49E84821E4B43DF008A13AE /* AutoMateAppCompanionTests */,
				E46B79911E28ECEF00BC36B4 /* Products */,
			);
			sourceTree = "<group>";
		};
		E46B79911E28ECEF00BC36B4 /* Products */ = {
			isa = PBXGroup;
			children = (
				E46B79901E28ECEF00BC36B4 /* AutoMateAppCompanion.framework */,
				E49E84561E434389008A13AE /* AutoMateAppCompanionTests.xctest */,
			);
			name = Products;
			sourceTree = "<group>";
		};
		E46B79921E28ECEF00BC36B4 /* AutoMate - App Companion */ = {
			isa = PBXGroup;
			children = (
				E46B79931E28ECEF00BC36B4 /* AutoMate - App Companion.h */,
				E44256491E3B7B4F00B2D83B /* Foundation Extensions */,
				E46B79941E28ECEF00BC36B4 /* Info.plist */,
				E4932BB21E2E467D00FB8244 /* LaunchOptionsKeys.swift */,
				E431922B1E2E17A600B019C1 /* Managers */,
				E43192241E2E0DAE00B019C1 /* Parsers */,
			);
			path = "AutoMate - App Companion";
			sourceTree = "<group>";
		};
		E49E84821E4B43DF008A13AE /* AutoMateAppCompanionTests */ = {
			isa = PBXGroup;
			children = (
				E49E84831E4B43DF008A13AE /* Factories */,
				E49E84861E4B43DF008A13AE /* Info.plist */,
				E49E84871E4B43DF008A13AE /* Test Cases */,
				E49E848B1E4B43DF008A13AE /* Test Data */,
			);
			path = AutoMateAppCompanionTests;
			sourceTree = "<group>";
		};
		E49E84831E4B43DF008A13AE /* Factories */ = {
			isa = PBXGroup;
			children = (
				E49E84841E4B43DF008A13AE /* EKEvents.swift */,
				E49E84851E4B43DF008A13AE /* Handlers.swift */,
			);
			path = Factories;
			sourceTree = "<group>";
		};
		E49E84871E4B43DF008A13AE /* Test Cases */ = {
			isa = PBXGroup;
			children = (
				96420E051E4C801400901C50 /* AnimationHandlerTests.swift */,
				E49E84881E4B43DF008A13AE /* EventKitParserTests.swift */,
				E49E84891E4B43DF008A13AE /* LaunchEnviromentResourceTests.swift */,
				E49E848A1E4B43DF008A13AE /* LaunchEnvironmentManagerTests.swift */,
			);
			path = "Test Cases";
			sourceTree = "<group>";
		};
		E49E848B1E4B43DF008A13AE /* Test Data */ = {
			isa = PBXGroup;
			children = (
				E49E848C1E4B43DF008A13AE /* test_events.json */,
			);
			path = "Test Data";
			sourceTree = "<group>";
		};
/* End PBXGroup section */

/* Begin PBXHeadersBuildPhase section */
		E46B798D1E28ECEF00BC36B4 /* Headers */ = {
			isa = PBXHeadersBuildPhase;
			buildActionMask = 2147483647;
			files = (
				E46B79A11E28ECEF00BC36B4 /* AutoMate - App Companion.h in Headers */,
			);
			runOnlyForDeploymentPostprocessing = 0;
		};
/* End PBXHeadersBuildPhase section */

/* Begin PBXNativeTarget section */
		E46B798F1E28ECEF00BC36B4 /* AutoMate App Companion */ = {
			isa = PBXNativeTarget;
			buildConfigurationList = E46B79A41E28ECEF00BC36B4 /* Build configuration list for PBXNativeTarget "AutoMate App Companion" */;
			buildPhases = (
				E46B798B1E28ECEF00BC36B4 /* Sources */,
				E46B798C1E28ECEF00BC36B4 /* Frameworks */,
				E46B798D1E28ECEF00BC36B4 /* Headers */,
				E46B798E1E28ECEF00BC36B4 /* Resources */,
				969A79451E4C662200904F4E /* SwiftLint */,
			);
			buildRules = (
			);
			dependencies = (
			);
			name = "AutoMate App Companion";
			productName = "AutoMate - App Companion";
			productReference = E46B79901E28ECEF00BC36B4 /* AutoMateAppCompanion.framework */;
			productType = "com.apple.product-type.framework";
		};
		E49E84551E434389008A13AE /* AutoMateAppCompanionTests */ = {
			isa = PBXNativeTarget;
			buildConfigurationList = E49E845E1E434389008A13AE /* Build configuration list for PBXNativeTarget "AutoMateAppCompanionTests" */;
			buildPhases = (
				E49E84521E434389008A13AE /* Sources */,
				E49E84531E434389008A13AE /* Frameworks */,
				E49E84541E434389008A13AE /* Resources */,
			);
			buildRules = (
			);
			dependencies = (
				E49E845D1E434389008A13AE /* PBXTargetDependency */,
			);
			name = AutoMateAppCompanionTests;
			productName = AutoMateAppCompanionTests;
			productReference = E49E84561E434389008A13AE /* AutoMateAppCompanionTests.xctest */;
			productType = "com.apple.product-type.bundle.unit-test";
		};
/* End PBXNativeTarget section */

/* Begin PBXProject section */
		E46B79871E28ECEF00BC36B4 /* Project object */ = {
			isa = PBXProject;
			attributes = {
				LastSwiftUpdateCheck = 0820;
				LastUpgradeCheck = 0820;
				ORGANIZATIONNAME = "Joanna Bednarz";
				TargetAttributes = {
					E46B798F1E28ECEF00BC36B4 = {
						CreatedOnToolsVersion = 8.2.1;
						LastSwiftMigration = 0820;
						ProvisioningStyle = Automatic;
					};
					E49E84551E434389008A13AE = {
						CreatedOnToolsVersion = 8.2.1;
						ProvisioningStyle = Automatic;
					};
				};
			};
			buildConfigurationList = E46B798A1E28ECEF00BC36B4 /* Build configuration list for PBXProject "AutoMate App Companion" */;
			compatibilityVersion = "Xcode 3.2";
			developmentRegion = English;
			hasScannedForEncodings = 0;
			knownRegions = (
				en,
			);
			mainGroup = E46B79861E28ECEF00BC36B4;
			productRefGroup = E46B79911E28ECEF00BC36B4 /* Products */;
			projectDirPath = "";
			projectRoot = "";
			targets = (
				E46B798F1E28ECEF00BC36B4 /* AutoMate App Companion */,
				E49E84551E434389008A13AE /* AutoMateAppCompanionTests */,
			);
		};
/* End PBXProject section */

/* Begin PBXResourcesBuildPhase section */
		E46B798E1E28ECEF00BC36B4 /* Resources */ = {
			isa = PBXResourcesBuildPhase;
			buildActionMask = 2147483647;
			files = (
			);
			runOnlyForDeploymentPostprocessing = 0;
		};
		E49E84541E434389008A13AE /* Resources */ = {
			isa = PBXResourcesBuildPhase;
			buildActionMask = 2147483647;
			files = (
				E49E84931E4B43DF008A13AE /* test_events.json in Resources */,
			);
			runOnlyForDeploymentPostprocessing = 0;
		};
/* End PBXResourcesBuildPhase section */

/* Begin PBXShellScriptBuildPhase section */
		969A79451E4C662200904F4E /* SwiftLint */ = {
			isa = PBXShellScriptBuildPhase;
			buildActionMask = 2147483647;
			files = (
			);
			inputPaths = (
			);
			name = SwiftLint;
			outputPaths = (
			);
			runOnlyForDeploymentPostprocessing = 0;
			shellPath = /bin/sh;
			shellScript = "if which swiftlint >/dev/null; then\n    swiftlint\nelse\n    echo \"warning: SwiftLint not installed, download from https://github.com/realm/SwiftLint\"\nfi";
		};
/* End PBXShellScriptBuildPhase section */

/* Begin PBXSourcesBuildPhase section */
		E46B798B1E28ECEF00BC36B4 /* Sources */ = {
			isa = PBXSourcesBuildPhase;
			buildActionMask = 2147483647;
			files = (
				E43192261E2E102900B019C1 /* Dictionary+SafeAccess.swift in Sources */,
				E442564B1E3B7B7200B2D83B /* Bundle.swift in Sources */,
				E46B79AB1E28F3D800BC36B4 /* EventKitHandler.swift in Sources */,
				E49E84731E487D5A008A13AE /* Date.swift in Sources */,
				96AB73F71E44CDD800FA811A /* String.swift in Sources */,
				E4932BB11E2E40A000FB8244 /* LaunchEnviromentManager.swift in Sources */,
				E4932BB31E2E467D00FB8244 /* LaunchOptionsKeys.swift in Sources */,
				E431922A1E2E113B00B019C1 /* EventKitParser.swift in Sources */,
				E43192281E2E108E00B019C1 /* Parser.swift in Sources */,
				96AB73F51E44C83300FA811A /* AnimationHandler.swift in Sources */,
			);
			runOnlyForDeploymentPostprocessing = 0;
		};
		E49E84521E434389008A13AE /* Sources */ = {
			isa = PBXSourcesBuildPhase;
			buildActionMask = 2147483647;
			files = (
				E49E84921E4B43DF008A13AE /* LaunchEnvironmentManagerTests.swift in Sources */,
				E49E848D1E4B43DF008A13AE /* EKEvents.swift in Sources */,
				E49E84911E4B43DF008A13AE /* LaunchEnviromentResourceTests.swift in Sources */,
				E49E84901E4B43DF008A13AE /* EventKitParserTests.swift in Sources */,
				E49E848E1E4B43DF008A13AE /* Handlers.swift in Sources */,
				96420E061E4C801400901C50 /* AnimationHandlerTests.swift in Sources */,
			);
			runOnlyForDeploymentPostprocessing = 0;
		};
/* End PBXSourcesBuildPhase section */

/* Begin PBXTargetDependency section */
		E49E845D1E434389008A13AE /* PBXTargetDependency */ = {
			isa = PBXTargetDependency;
			target = E46B798F1E28ECEF00BC36B4 /* AutoMate App Companion */;
			targetProxy = E49E845C1E434389008A13AE /* PBXContainerItemProxy */;
		};
/* End PBXTargetDependency section */

/* Begin XCBuildConfiguration section */
		E46B79A21E28ECEF00BC36B4 /* Debug */ = {
			isa = XCBuildConfiguration;
			buildSettings = {
				ALWAYS_SEARCH_USER_PATHS = NO;
				CLANG_ANALYZER_NONNULL = YES;
				CLANG_CXX_LANGUAGE_STANDARD = "gnu++0x";
				CLANG_CXX_LIBRARY = "libc++";
				CLANG_ENABLE_MODULES = YES;
				CLANG_ENABLE_OBJC_ARC = YES;
				CLANG_WARN_BOOL_CONVERSION = YES;
				CLANG_WARN_CONSTANT_CONVERSION = YES;
				CLANG_WARN_DIRECT_OBJC_ISA_USAGE = YES_ERROR;
				CLANG_WARN_DOCUMENTATION_COMMENTS = YES;
				CLANG_WARN_EMPTY_BODY = YES;
				CLANG_WARN_ENUM_CONVERSION = YES;
				CLANG_WARN_INFINITE_RECURSION = YES;
				CLANG_WARN_INT_CONVERSION = YES;
				CLANG_WARN_OBJC_ROOT_CLASS = YES_ERROR;
				CLANG_WARN_SUSPICIOUS_MOVE = YES;
				CLANG_WARN_UNREACHABLE_CODE = YES;
				CLANG_WARN__DUPLICATE_METHOD_MATCH = YES;
				CODE_SIGN_IDENTITY = "iPhone Developer";
				COPY_PHASE_STRIP = NO;
				CURRENT_PROJECT_VERSION = 1;
				DEBUG_INFORMATION_FORMAT = dwarf;
				ENABLE_STRICT_OBJC_MSGSEND = YES;
				ENABLE_TESTABILITY = YES;
				GCC_C_LANGUAGE_STANDARD = gnu99;
				GCC_DYNAMIC_NO_PIC = NO;
				GCC_NO_COMMON_BLOCKS = YES;
				GCC_OPTIMIZATION_LEVEL = 0;
				GCC_PREPROCESSOR_DEFINITIONS = (
					"DEBUG=1",
					"$(inherited)",
				);
				GCC_WARN_64_TO_32_BIT_CONVERSION = YES;
				GCC_WARN_ABOUT_RETURN_TYPE = YES_ERROR;
				GCC_WARN_UNDECLARED_SELECTOR = YES;
				GCC_WARN_UNINITIALIZED_AUTOS = YES_AGGRESSIVE;
				GCC_WARN_UNUSED_FUNCTION = YES;
				GCC_WARN_UNUSED_VARIABLE = YES;
				IPHONEOS_DEPLOYMENT_TARGET = 9.2;
				MTL_ENABLE_DEBUG_INFO = YES;
				ONLY_ACTIVE_ARCH = YES;
				SDKROOT = iphoneos;
				SWIFT_ACTIVE_COMPILATION_CONDITIONS = DEBUG;
				SWIFT_OPTIMIZATION_LEVEL = "-Onone";
				TARGETED_DEVICE_FAMILY = "1,2";
				VERSIONING_SYSTEM = "apple-generic";
				VERSION_INFO_PREFIX = "";
			};
			name = Debug;
		};
		E46B79A31E28ECEF00BC36B4 /* Release */ = {
			isa = XCBuildConfiguration;
			buildSettings = {
				ALWAYS_SEARCH_USER_PATHS = NO;
				CLANG_ANALYZER_NONNULL = YES;
				CLANG_CXX_LANGUAGE_STANDARD = "gnu++0x";
				CLANG_CXX_LIBRARY = "libc++";
				CLANG_ENABLE_MODULES = YES;
				CLANG_ENABLE_OBJC_ARC = YES;
				CLANG_WARN_BOOL_CONVERSION = YES;
				CLANG_WARN_CONSTANT_CONVERSION = YES;
				CLANG_WARN_DIRECT_OBJC_ISA_USAGE = YES_ERROR;
				CLANG_WARN_DOCUMENTATION_COMMENTS = YES;
				CLANG_WARN_EMPTY_BODY = YES;
				CLANG_WARN_ENUM_CONVERSION = YES;
				CLANG_WARN_INFINITE_RECURSION = YES;
				CLANG_WARN_INT_CONVERSION = YES;
				CLANG_WARN_OBJC_ROOT_CLASS = YES_ERROR;
				CLANG_WARN_SUSPICIOUS_MOVE = YES;
				CLANG_WARN_UNREACHABLE_CODE = YES;
				CLANG_WARN__DUPLICATE_METHOD_MATCH = YES;
				CODE_SIGN_IDENTITY = "iPhone Developer";
				COPY_PHASE_STRIP = NO;
				CURRENT_PROJECT_VERSION = 1;
				DEBUG_INFORMATION_FORMAT = "dwarf-with-dsym";
				ENABLE_NS_ASSERTIONS = NO;
				ENABLE_STRICT_OBJC_MSGSEND = YES;
				GCC_C_LANGUAGE_STANDARD = gnu99;
				GCC_NO_COMMON_BLOCKS = YES;
				GCC_WARN_64_TO_32_BIT_CONVERSION = YES;
				GCC_WARN_ABOUT_RETURN_TYPE = YES_ERROR;
				GCC_WARN_UNDECLARED_SELECTOR = YES;
				GCC_WARN_UNINITIALIZED_AUTOS = YES_AGGRESSIVE;
				GCC_WARN_UNUSED_FUNCTION = YES;
				GCC_WARN_UNUSED_VARIABLE = YES;
				IPHONEOS_DEPLOYMENT_TARGET = 9.2;
				MTL_ENABLE_DEBUG_INFO = NO;
				SDKROOT = iphoneos;
				SWIFT_OPTIMIZATION_LEVEL = "-Owholemodule";
				TARGETED_DEVICE_FAMILY = "1,2";
				VALIDATE_PRODUCT = YES;
				VERSIONING_SYSTEM = "apple-generic";
				VERSION_INFO_PREFIX = "";
			};
			name = Release;
		};
		E46B79A51E28ECEF00BC36B4 /* Debug */ = {
			isa = XCBuildConfiguration;
			buildSettings = {
				CLANG_ENABLE_MODULES = YES;
				DEFINES_MODULE = YES;
				DYLIB_COMPATIBILITY_VERSION = 1;
				DYLIB_CURRENT_VERSION = 1;
				DYLIB_INSTALL_NAME_BASE = "@rpath";
				INFOPLIST_FILE = "AutoMate - App Companion/Info.plist";
				INSTALL_PATH = "$(LOCAL_LIBRARY_DIR)/Frameworks";
				LD_RUNPATH_SEARCH_PATHS = "$(inherited) @executable_path/Frameworks @loader_path/Frameworks";
				PRODUCT_BUNDLE_IDENTIFIER = "com.pgs-soft.AutoMate---App-Companion";
				PRODUCT_NAME = AutoMateAppCompanion;
				SKIP_INSTALL = YES;
				SWIFT_OPTIMIZATION_LEVEL = "-Onone";
				SWIFT_VERSION = 3.0;
			};
			name = Debug;
		};
		E46B79A61E28ECEF00BC36B4 /* Release */ = {
			isa = XCBuildConfiguration;
			buildSettings = {
				CLANG_ENABLE_MODULES = YES;
				DEFINES_MODULE = YES;
				DYLIB_COMPATIBILITY_VERSION = 1;
				DYLIB_CURRENT_VERSION = 1;
				DYLIB_INSTALL_NAME_BASE = "@rpath";
				INFOPLIST_FILE = "AutoMate - App Companion/Info.plist";
				INSTALL_PATH = "$(LOCAL_LIBRARY_DIR)/Frameworks";
				LD_RUNPATH_SEARCH_PATHS = "$(inherited) @executable_path/Frameworks @loader_path/Frameworks";
				PRODUCT_BUNDLE_IDENTIFIER = "com.pgs-soft.AutoMate---App-Companion";
				PRODUCT_NAME = AutoMateAppCompanion;
				SKIP_INSTALL = YES;
				SWIFT_VERSION = 3.0;
			};
			name = Release;
		};
		E49E845F1E434389008A13AE /* Debug */ = {
			isa = XCBuildConfiguration;
			buildSettings = {
				INFOPLIST_FILE = AutoMateAppCompanionTests/Info.plist;
				LD_RUNPATH_SEARCH_PATHS = "$(inherited) @executable_path/Frameworks @loader_path/Frameworks";
				PRODUCT_BUNDLE_IDENTIFIER = "com.pgs-soft.AutoMateAppCompanionTests";
				PRODUCT_NAME = "$(TARGET_NAME)";
				SWIFT_VERSION = 3.0;
			};
			name = Debug;
		};
		E49E84601E434389008A13AE /* Release */ = {
			isa = XCBuildConfiguration;
			buildSettings = {
				INFOPLIST_FILE = AutoMateAppCompanionTests/Info.plist;
				LD_RUNPATH_SEARCH_PATHS = "$(inherited) @executable_path/Frameworks @loader_path/Frameworks";
				PRODUCT_BUNDLE_IDENTIFIER = "com.pgs-soft.AutoMateAppCompanionTests";
				PRODUCT_NAME = "$(TARGET_NAME)";
				SWIFT_VERSION = 3.0;
			};
			name = Release;
		};
/* End XCBuildConfiguration section */

/* Begin XCConfigurationList section */
		E46B798A1E28ECEF00BC36B4 /* Build configuration list for PBXProject "AutoMate App Companion" */ = {
			isa = XCConfigurationList;
			buildConfigurations = (
				E46B79A21E28ECEF00BC36B4 /* Debug */,
				E46B79A31E28ECEF00BC36B4 /* Release */,
			);
			defaultConfigurationIsVisible = 0;
			defaultConfigurationName = Release;
		};
		E46B79A41E28ECEF00BC36B4 /* Build configuration list for PBXNativeTarget "AutoMate App Companion" */ = {
			isa = XCConfigurationList;
			buildConfigurations = (
				E46B79A51E28ECEF00BC36B4 /* Debug */,
				E46B79A61E28ECEF00BC36B4 /* Release */,
			);
			defaultConfigurationIsVisible = 0;
			defaultConfigurationName = Release;
		};
		E49E845E1E434389008A13AE /* Build configuration list for PBXNativeTarget "AutoMateAppCompanionTests" */ = {
			isa = XCConfigurationList;
			buildConfigurations = (
				E49E845F1E434389008A13AE /* Debug */,
				E49E84601E434389008A13AE /* Release */,
			);
			defaultConfigurationIsVisible = 0;
			defaultConfigurationName = Release;
		};
/* End XCConfigurationList section */
	};
	rootObject = E46B79871E28ECEF00BC36B4 /* Project object */;
}
